
Microsoft Visual Studio Solution File, Format Version 12.00
# Visual Studio Version 17
VisualStudioVersion = 17.4.33205.214
MinimumVisualStudioVersion = 10.0.40219.1
Project("{FAE04EC0-301F-11D3-BF4B-00C04F79EFBC}") = "Shape Drawer", "Shape Drawer.csproj", "{91FFC1C6-C3F9-4DD5-A1CC-2BCB1029F1E0}"
EndProject
Global
	GlobalSection(SolutionConfigurationPlatforms) = preSolution
		Debug|Any CPU = Debug|Any CPU
		Release|Any CPU = Release|Any CPU
	EndGlobalSection
	GlobalSection(ProjectConfigurationPlatforms) = postSolution
		{91FFC1C6-C3F9-4DD5-A1CC-2BCB1029F1E0}.Debug|Any CPU.ActiveCfg = Debug|Any CPU
		{91FFC1C6-C3F9-4DD5-A1CC-2BCB1029F1E0}.Debug|Any CPU.Build.0 = Debug|Any CPU
		{91FFC1C6-C3F9-4DD5-A1CC-2BCB1029F1E0}.Release|Any CPU.ActiveCfg = Release|Any CPU
		{91FFC1C6-C3F9-4DD5-A1CC-2BCB1029F1E0}.Release|Any CPU.Build.0 = Release|Any CPU
	EndGlobalSection
	GlobalSection(SolutionProperties) = preSolution
		HideSolutionNode = FALSE
	EndGlobalSection
	GlobalSection(ExtensibilityGlobals) = postSolution
		SolutionGuid = {4D529A1F-2F42-4FE9-A405-8EADDF00FE1C}
	EndGlobalSection
EndGlobal
